
Microsoft Visual Studio Solution File, Format Version 12.00
# Visual Studio Version 17
VisualStudioVersion = 17.14.36301.6
MinimumVisualStudioVersion = 10.0.40219.1
Project("{FAE04EC0-301F-11D3-BF4B-00C04F79EFBC}") = "Gs1BarcodeParser", "Gs1BarcodeParser\Gs1BarcodeParser.csproj", "{CA158D20-CC70-4D59-A3F4-897DC02C3E4A}"
EndProject
Project("{FAE04EC0-301F-11D3-BF4B-00C04F79EFBC}") = "Gs1BarcodeParser.Tests", "Gs1BarcodeParser.Tests\Gs1BarcodeParser.Tests.csproj", "{285CD706-356E-42C0-8A27-3EF17C521FCA}"
EndProject
Global
	GlobalSection(SolutionConfigurationPlatforms) = preSolution
		Debug|Any CPU = Debug|Any CPU
		Release|Any CPU = Release|Any CPU
	EndGlobalSection
	GlobalSection(ProjectConfigurationPlatforms) = postSolution
		{CA158D20-CC70-4D59-A3F4-897DC02C3E4A}.Debug|Any CPU.ActiveCfg = Debug|Any CPU
		{CA158D20-CC70-4D59-A3F4-897DC02C3E4A}.Debug|Any CPU.Build.0 = Debug|Any CPU
		{CA158D20-CC70-4D59-A3F4-897DC02C3E4A}.Release|Any CPU.ActiveCfg = Release|Any CPU
		{CA158D20-CC70-4D59-A3F4-897DC02C3E4A}.Release|Any CPU.Build.0 = Release|Any CPU
		{285CD706-356E-42C0-8A27-3EF17C521FCA}.Debug|Any CPU.ActiveCfg = Debug|Any CPU
		{285CD706-356E-42C0-8A27-3EF17C521FCA}.Debug|Any CPU.Build.0 = Debug|Any CPU
		{285CD706-356E-42C0-8A27-3EF17C521FCA}.Release|Any CPU.ActiveCfg = Release|Any CPU
		{285CD706-356E-42C0-8A27-3EF17C521FCA}.Release|Any CPU.Build.0 = Release|Any CPU
	EndGlobalSection
	GlobalSection(SolutionProperties) = preSolution
		HideSolutionNode = FALSE
	EndGlobalSection
	GlobalSection(ExtensibilityGlobals) = postSolution
		SolutionGuid = {C4F75938-E8BA-49F6-9A2B-6F90718D9C21}
	EndGlobalSection
EndGlobal
